
Microsoft Visual Studio Solution File, Format Version 12.00
# Visual Studio Version 17
VisualStudioVersion = 17.1.32328.378
MinimumVisualStudioVersion = 10.0.40219.1
Project("{8BC9CEB8-8B4A-11D0-8D11-00A0C91BC942}") = "Aula0412", "Aula0412\Aula0412.vcxproj", "{DE189F50-B439-460B-B8FA-275D17D1A4F3}"
EndProject
Project("{8BC9CEB8-8B4A-11D0-8D11-00A0C91BC942}") = "Aula0419", "Aula0419\Aula0419.vcxproj", "{C41FF242-4953-4832-A80B-9461D6604E9C}"
EndProject
Project("{8BC9CEB8-8B4A-11D0-8D11-00A0C91BC942}") = "Aula0419B", "Aula0419B\Aula0419B.vcxproj", "{1D153C81-8230-493C-9E59-3A3DF8171E2C}"
EndProject
Project("{8BC9CEB8-8B4A-11D0-8D11-00A0C91BC942}") = "Aula0919C", "Aula0919C\Aula0919C.vcxproj", "{764BFAE5-EA5A-4285-8662-C05121F074B1}"
EndProject
Project("{8BC9CEB8-8B4A-11D0-8D11-00A0C91BC942}") = "Questoes1", "Questoes1\Questoes1.vcxproj", "{65B11F29-0AA0-432F-94B9-819424C75E89}"
EndProject
Project("{8BC9CEB8-8B4A-11D0-8D11-00A0C91BC942}") = "Questoes2", "Questoes2\Questoes2.vcxproj", "{C688F65F-1DEC-46CB-98AE-552F6E8913FF}"
EndProject
Project("{8BC9CEB8-8B4A-11D0-8D11-00A0C91BC942}") = "Questoes3", "Questoes3\Questoes3.vcxproj", "{183ADEE6-7203-4767-A53C-EE1749E94150}"
EndProject
Project("{8BC9CEB8-8B4A-11D0-8D11-00A0C91BC942}") = "Questoes5", "Questoes5\Questoes5.vcxproj", "{9DFFC99E-DCE9-4CF7-9FBA-E6C0E9CC2A57}"
EndProject
Global
	GlobalSection(SolutionConfigurationPlatforms) = preSolution
		Debug|x64 = Debug|x64
		Debug|x86 = Debug|x86
		Release|x64 = Release|x64
		Release|x86 = Release|x86
	EndGlobalSection
	GlobalSection(ProjectConfigurationPlatforms) = postSolution
		{DE189F50-B439-460B-B8FA-275D17D1A4F3}.Debug|x64.ActiveCfg = Debug|x64
		{DE189F50-B439-460B-B8FA-275D17D1A4F3}.Debug|x64.Build.0 = Debug|x64
		{DE189F50-B439-460B-B8FA-275D17D1A4F3}.Debug|x86.ActiveCfg = Debug|Win32
		{DE189F50-B439-460B-B8FA-275D17D1A4F3}.Debug|x86.Build.0 = Debug|Win32
		{DE189F50-B439-460B-B8FA-275D17D1A4F3}.Release|x64.ActiveCfg = Release|x64
		{DE189F50-B439-460B-B8FA-275D17D1A4F3}.Release|x64.Build.0 = Release|x64
		{DE189F50-B439-460B-B8FA-275D17D1A4F3}.Release|x86.ActiveCfg = Release|Win32
		{DE189F50-B439-460B-B8FA-275D17D1A4F3}.Release|x86.Build.0 = Release|Win32
		{C41FF242-4953-4832-A80B-9461D6604E9C}.Debug|x64.ActiveCfg = Debug|x64
		{C41FF242-4953-4832-A80B-9461D6604E9C}.Debug|x64.Build.0 = Debug|x64
		{C41FF242-4953-4832-A80B-9461D6604E9C}.Debug|x86.ActiveCfg = Debug|Win32
		{C41FF242-4953-4832-A80B-9461D6604E9C}.Debug|x86.Build.0 = Debug|Win32
		{C41FF242-4953-4832-A80B-9461D6604E9C}.Release|x64.ActiveCfg = Release|x64
		{C41FF242-4953-4832-A80B-9461D6604E9C}.Release|x64.Build.0 = Release|x64
		{C41FF242-4953-4832-A80B-9461D6604E9C}.Release|x86.ActiveCfg = Release|Win32
		{C41FF242-4953-4832-A80B-9461D6604E9C}.Release|x86.Build.0 = Release|Win32
		{1D153C81-8230-493C-9E59-3A3DF8171E2C}.Debug|x64.ActiveCfg = Debug|x64
		{1D153C81-8230-493C-9E59-3A3DF8171E2C}.Debug|x64.Build.0 = Debug|x64
		{1D153C81-8230-493C-9E59-3A3DF8171E2C}.Debug|x86.ActiveCfg = Debug|Win32
		{1D153C81-8230-493C-9E59-3A3DF8171E2C}.Debug|x86.Build.0 = Debug|Win32
		{1D153C81-8230-493C-9E59-3A3DF8171E2C}.Release|x64.ActiveCfg = Release|x64
		{1D153C81-8230-493C-9E59-3A3DF8171E2C}.Release|x64.Build.0 = Release|x64
		{1D153C81-8230-493C-9E59-3A3DF8171E2C}.Release|x86.ActiveCfg = Release|Win32
		{1D153C81-8230-493C-9E59-3A3DF8171E2C}.Release|x86.Build.0 = Release|Win32
		{764BFAE5-EA5A-4285-8662-C05121F074B1}.Debug|x64.ActiveCfg = Debug|x64
		{764BFAE5-EA5A-4285-8662-C05121F074B1}.Debug|x64.Build.0 = Debug|x64
		{764BFAE5-EA5A-4285-8662-C05121F074B1}.Debug|x86.ActiveCfg = Debug|Win32
		{764BFAE5-EA5A-4285-8662-C05121F074B1}.Debug|x86.Build.0 = Debug|Win32
		{764BFAE5-EA5A-4285-8662-C05121F074B1}.Release|x64.ActiveCfg = Release|x64
		{764BFAE5-EA5A-4285-8662-C05121F074B1}.Release|x64.Build.0 = Release|x64
		{764BFAE5-EA5A-4285-8662-C05121F074B1}.Release|x86.ActiveCfg = Release|Win32
		{764BFAE5-EA5A-4285-8662-C05121F074B1}.Release|x86.Build.0 = Release|Win32
		{65B11F29-0AA0-432F-94B9-819424C75E89}.Debug|x64.ActiveCfg = Debug|x64
		{65B11F29-0AA0-432F-94B9-819424C75E89}.Debug|x64.Build.0 = Debug|x64
		{65B11F29-0AA0-432F-94B9-819424C75E89}.Debug|x86.ActiveCfg = Debug|Win32
		{65B11F29-0AA0-432F-94B9-819424C75E89}.Debug|x86.Build.0 = Debug|Win32
		{65B11F29-0AA0-432F-94B9-819424C75E89}.Release|x64.ActiveCfg = Release|x64
		{65B11F29-0AA0-432F-94B9-819424C75E89}.Release|x64.Build.0 = Release|x64
		{65B11F29-0AA0-432F-94B9-819424C75E89}.Release|x86.ActiveCfg = Release|Win32
		{65B11F29-0AA0-432F-94B9-819424C75E89}.Release|x86.Build.0 = Release|Win32
		{C688F65F-1DEC-46CB-98AE-552F6E8913FF}.Debug|x64.ActiveCfg = Debug|x64
		{C688F65F-1DEC-46CB-98AE-552F6E8913FF}.Debug|x64.Build.0 = Debug|x64
		{C688F65F-1DEC-46CB-98AE-552F6E8913FF}.Debug|x86.ActiveCfg = Debug|Win32
		{C688F65F-1DEC-46CB-98AE-552F6E8913FF}.Debug|x86.Build.0 = Debug|Win32
		{C688F65F-1DEC-46CB-98AE-552F6E8913FF}.Release|x64.ActiveCfg = Release|x64
		{C688F65F-1DEC-46CB-98AE-552F6E8913FF}.Release|x64.Build.0 = Release|x64
		{C688F65F-1DEC-46CB-98AE-552F6E8913FF}.Release|x86.ActiveCfg = Release|Win32
		{C688F65F-1DEC-46CB-98AE-552F6E8913FF}.Release|x86.Build.0 = Release|Win32
		{183ADEE6-7203-4767-A53C-EE1749E94150}.Debug|x64.ActiveCfg = Debug|x64
		{183ADEE6-7203-4767-A53C-EE1749E94150}.Debug|x64.Build.0 = Debug|x64
		{183ADEE6-7203-4767-A53C-EE1749E94150}.Debug|x86.ActiveCfg = Debug|Win32
		{183ADEE6-7203-4767-A53C-EE1749E94150}.Debug|x86.Build.0 = Debug|Win32
		{183ADEE6-7203-4767-A53C-EE1749E94150}.Release|x64.ActiveCfg = Release|x64
		{183ADEE6-7203-4767-A53C-EE1749E94150}.Release|x64.Build.0 = Release|x64
		{183ADEE6-7203-4767-A53C-EE1749E94150}.Release|x86.ActiveCfg = Release|Win32
		{183ADEE6-7203-4767-A53C-EE1749E94150}.Release|x86.Build.0 = Release|Win32
		{9DFFC99E-DCE9-4CF7-9FBA-E6C0E9CC2A57}.Debug|x64.ActiveCfg = Debug|x64
		{9DFFC99E-DCE9-4CF7-9FBA-E6C0E9CC2A57}.Debug|x64.Build.0 = Debug|x64
		{9DFFC99E-DCE9-4CF7-9FBA-E6C0E9CC2A57}.Debug|x86.ActiveCfg = Debug|Win32
		{9DFFC99E-DCE9-4CF7-9FBA-E6C0E9CC2A57}.Debug|x86.Build.0 = Debug|Win32
		{9DFFC99E-DCE9-4CF7-9FBA-E6C0E9CC2A57}.Release|x64.ActiveCfg = Release|x64
		{9DFFC99E-DCE9-4CF7-9FBA-E6C0E9CC2A57}.Release|x64.Build.0 = Release|x64
		{9DFFC99E-DCE9-4CF7-9FBA-E6C0E9CC2A57}.Release|x86.ActiveCfg = Release|Win32
		{9DFFC99E-DCE9-4CF7-9FBA-E6C0E9CC2A57}.Release|x86.Build.0 = Release|Win32
	EndGlobalSection
	GlobalSection(SolutionProperties) = preSolution
		HideSolutionNode = FALSE
	EndGlobalSection
	GlobalSection(ExtensibilityGlobals) = postSolution
		SolutionGuid = {3FD6F35E-B0A2-47BF-9145-280053847DFB}
	EndGlobalSection
EndGlobal
